
Microsoft Visual Studio Solution File, Format Version 12.00
# Visual Studio Version 17
VisualStudioVersion = 17.14.36221.1
MinimumVisualStudioVersion = 10.0.40219.1
Project("{00D1A9C2-B5F0-4AF3-8072-F6C62B433612}") = "team-mapper-database", "team-mapper-database\team-mapper-database.sqlproj", "{06E31B04-8F38-41D3-B29F-31F11A45FC19}"
EndProject
Project("{FAE04EC0-301F-11D3-BF4B-00C04F79EFBC}") = "team-mapper-api", "team-mapper-api\team-mapper-api.csproj", "{65053A16-411F-46FA-8000-6EA5B70114EC}"
EndProject
Project("{FAE04EC0-301F-11D3-BF4B-00C04F79EFBC}") = "team-mapper-infrastructure", "team-mapper-infrastructure\team-mapper-infrastructure.csproj", "{3E75E0E8-0CFA-4A93-9B6B-0E9122811EE2}"
EndProject
Project("{FAE04EC0-301F-11D3-BF4B-00C04F79EFBC}") = "team-mapper-domain", "team-mapper-domain\team-mapper-domain.csproj", "{43A6AFCB-DF1A-498A-90BB-4DD90EB9F570}"
EndProject
Project("{FAE04EC0-301F-11D3-BF4B-00C04F79EFBC}") = "team-mapper-application", "team-mapper-application\team-mapper-application.csproj", "{8C76CDB4-B5A6-4783-86C1-141A26E6BCE5}"
EndProject
Project("{E53339B2-1760-4266-BCC7-CA923CBCF16C}") = "docker-compose", "docker-compose.dcproj", "{81DDED9D-158B-E303-5F62-77A2896D2A5A}"
EndProject
Project("{2150E333-8FDC-42A3-9474-1A3956D46DE8}") = "src", "src", "{02EA681E-C7D8-13C7-8484-4AC65E1B71E8}"
EndProject
Project("{FAE04EC0-301F-11D3-BF4B-00C04F79EFBC}") = "team-mapper-api-unit-tests", "..\test\unit-tests\team-mapper-api-unit-tests\team-mapper-api-unit-tests.csproj", "{E0CCE27A-359C-4A0C-B8EE-5A216B0F0B10}"
EndProject
Project("{FAE04EC0-301F-11D3-BF4B-00C04F79EFBC}") = "team-mapper-api-integration-tests-docker", "..\test\integration-tests\team-mapper-api-integration-tests-docker\team-mapper-api-integration-tests-docker.csproj", "{3FAD86BE-F6E1-4D65-B7F5-D40D997B89F6}"
EndProject
Project("{2150E333-8FDC-42A3-9474-1A3956D46DE8}") = "test", "test", "{9707812F-6E2D-4DDE-830E-B0A6AD276833}"
EndProject
Project("{FAE04EC0-301F-11D3-BF4B-00C04F79EFBC}") = "team-mapper-database-unit-tests", "..\test\unit-tests\team-mapper-database-unit-tests\team-mapper-database-unit-tests.csproj", "{211CBA9D-CB9D-4B3B-8BC3-08C00C9AEE67}"
EndProject
Global
	GlobalSection(SolutionConfigurationPlatforms) = preSolution
		Debug|Any CPU = Debug|Any CPU
		Release|Any CPU = Release|Any CPU
	EndGlobalSection
	GlobalSection(ProjectConfigurationPlatforms) = postSolution
		{06E31B04-8F38-41D3-B29F-31F11A45FC19}.Debug|Any CPU.ActiveCfg = Debug|Any CPU
		{06E31B04-8F38-41D3-B29F-31F11A45FC19}.Debug|Any CPU.Build.0 = Debug|Any CPU
		{06E31B04-8F38-41D3-B29F-31F11A45FC19}.Debug|Any CPU.Deploy.0 = Debug|Any CPU
		{06E31B04-8F38-41D3-B29F-31F11A45FC19}.Release|Any CPU.ActiveCfg = Release|Any CPU
		{06E31B04-8F38-41D3-B29F-31F11A45FC19}.Release|Any CPU.Build.0 = Release|Any CPU
		{06E31B04-8F38-41D3-B29F-31F11A45FC19}.Release|Any CPU.Deploy.0 = Release|Any CPU
		{65053A16-411F-46FA-8000-6EA5B70114EC}.Debug|Any CPU.ActiveCfg = Debug|Any CPU
		{65053A16-411F-46FA-8000-6EA5B70114EC}.Debug|Any CPU.Build.0 = Debug|Any CPU
		{65053A16-411F-46FA-8000-6EA5B70114EC}.Release|Any CPU.ActiveCfg = Release|Any CPU
		{65053A16-411F-46FA-8000-6EA5B70114EC}.Release|Any CPU.Build.0 = Release|Any CPU
		{3E75E0E8-0CFA-4A93-9B6B-0E9122811EE2}.Debug|Any CPU.ActiveCfg = Debug|Any CPU
		{3E75E0E8-0CFA-4A93-9B6B-0E9122811EE2}.Debug|Any CPU.Build.0 = Debug|Any CPU
		{3E75E0E8-0CFA-4A93-9B6B-0E9122811EE2}.Release|Any CPU.ActiveCfg = Release|Any CPU
		{3E75E0E8-0CFA-4A93-9B6B-0E9122811EE2}.Release|Any CPU.Build.0 = Release|Any CPU
		{43A6AFCB-DF1A-498A-90BB-4DD90EB9F570}.Debug|Any CPU.ActiveCfg = Debug|Any CPU
		{43A6AFCB-DF1A-498A-90BB-4DD90EB9F570}.Debug|Any CPU.Build.0 = Debug|Any CPU
		{43A6AFCB-DF1A-498A-90BB-4DD90EB9F570}.Release|Any CPU.ActiveCfg = Release|Any CPU
		{43A6AFCB-DF1A-498A-90BB-4DD90EB9F570}.Release|Any CPU.Build.0 = Release|Any CPU
		{8C76CDB4-B5A6-4783-86C1-141A26E6BCE5}.Debug|Any CPU.ActiveCfg = Debug|Any CPU
		{8C76CDB4-B5A6-4783-86C1-141A26E6BCE5}.Debug|Any CPU.Build.0 = Debug|Any CPU
		{8C76CDB4-B5A6-4783-86C1-141A26E6BCE5}.Release|Any CPU.ActiveCfg = Release|Any CPU
		{8C76CDB4-B5A6-4783-86C1-141A26E6BCE5}.Release|Any CPU.Build.0 = Release|Any CPU
		{81DDED9D-158B-E303-5F62-77A2896D2A5A}.Debug|Any CPU.ActiveCfg = Debug|Any CPU
		{81DDED9D-158B-E303-5F62-77A2896D2A5A}.Debug|Any CPU.Build.0 = Debug|Any CPU
		{81DDED9D-158B-E303-5F62-77A2896D2A5A}.Release|Any CPU.ActiveCfg = Release|Any CPU
		{81DDED9D-158B-E303-5F62-77A2896D2A5A}.Release|Any CPU.Build.0 = Release|Any CPU
		{E0CCE27A-359C-4A0C-B8EE-5A216B0F0B10}.Debug|Any CPU.ActiveCfg = Debug|Any CPU
		{E0CCE27A-359C-4A0C-B8EE-5A216B0F0B10}.Debug|Any CPU.Build.0 = Debug|Any CPU
		{E0CCE27A-359C-4A0C-B8EE-5A216B0F0B10}.Release|Any CPU.ActiveCfg = Release|Any CPU
		{E0CCE27A-359C-4A0C-B8EE-5A216B0F0B10}.Release|Any CPU.Build.0 = Release|Any CPU
		{3FAD86BE-F6E1-4D65-B7F5-D40D997B89F6}.Debug|Any CPU.ActiveCfg = Debug|Any CPU
		{3FAD86BE-F6E1-4D65-B7F5-D40D997B89F6}.Debug|Any CPU.Build.0 = Debug|Any CPU
		{3FAD86BE-F6E1-4D65-B7F5-D40D997B89F6}.Release|Any CPU.ActiveCfg = Release|Any CPU
		{3FAD86BE-F6E1-4D65-B7F5-D40D997B89F6}.Release|Any CPU.Build.0 = Release|Any CPU
		{211CBA9D-CB9D-4B3B-8BC3-08C00C9AEE67}.Debug|Any CPU.ActiveCfg = Debug|Any CPU
		{211CBA9D-CB9D-4B3B-8BC3-08C00C9AEE67}.Debug|Any CPU.Build.0 = Debug|Any CPU
		{211CBA9D-CB9D-4B3B-8BC3-08C00C9AEE67}.Release|Any CPU.ActiveCfg = Release|Any CPU
		{211CBA9D-CB9D-4B3B-8BC3-08C00C9AEE67}.Release|Any CPU.Build.0 = Release|Any CPU
	EndGlobalSection
	GlobalSection(SolutionProperties) = preSolution
		HideSolutionNode = FALSE
	EndGlobalSection
	GlobalSection(NestedProjects) = preSolution
		{06E31B04-8F38-41D3-B29F-31F11A45FC19} = {02EA681E-C7D8-13C7-8484-4AC65E1B71E8}
		{65053A16-411F-46FA-8000-6EA5B70114EC} = {02EA681E-C7D8-13C7-8484-4AC65E1B71E8}
		{3E75E0E8-0CFA-4A93-9B6B-0E9122811EE2} = {02EA681E-C7D8-13C7-8484-4AC65E1B71E8}
		{43A6AFCB-DF1A-498A-90BB-4DD90EB9F570} = {02EA681E-C7D8-13C7-8484-4AC65E1B71E8}
		{8C76CDB4-B5A6-4783-86C1-141A26E6BCE5} = {02EA681E-C7D8-13C7-8484-4AC65E1B71E8}
		{E0CCE27A-359C-4A0C-B8EE-5A216B0F0B10} = {9707812F-6E2D-4DDE-830E-B0A6AD276833}
		{3FAD86BE-F6E1-4D65-B7F5-D40D997B89F6} = {9707812F-6E2D-4DDE-830E-B0A6AD276833}
		{211CBA9D-CB9D-4B3B-8BC3-08C00C9AEE67} = {9707812F-6E2D-4DDE-830E-B0A6AD276833}
	EndGlobalSection
	GlobalSection(ExtensibilityGlobals) = postSolution
		SolutionGuid = {594C1D85-993E-46B4-A2DA-083BDF429BA4}
	EndGlobalSection
EndGlobal
